
Microsoft Visual Studio Solution File, Format Version 12.00
# Visual Studio Version 16
VisualStudioVersion = 16.0.34601.136
MinimumVisualStudioVersion = 10.0.40219.1
Project("{FAE04EC0-301F-11D3-BF4B-00C04F79EFBC}") = "ServoParaCalculator", "ServoParaCalculator.csproj", "{26E3D90D-DFB4-4722-80BB-F2483AD8C77F}"
EndProject
Global
	GlobalSection(SolutionConfigurationPlatforms) = preSolution
		Debug|Any CPU = Debug|Any CPU
		Release|Any CPU = Release|Any CPU
	EndGlobalSection
	GlobalSection(ProjectConfigurationPlatforms) = postSolution
		{26E3D90D-DFB4-4722-80BB-F2483AD8C77F}.Debug|Any CPU.ActiveCfg = Debug|Any CPU
		{26E3D90D-DFB4-4722-80BB-F2483AD8C77F}.Debug|Any CPU.Build.0 = Debug|Any CPU
		{26E3D90D-DFB4-4722-80BB-F2483AD8C77F}.Release|Any CPU.ActiveCfg = Release|Any CPU
		{26E3D90D-DFB4-4722-80BB-F2483AD8C77F}.Release|Any CPU.Build.0 = Release|Any CPU
	EndGlobalSection
	GlobalSection(SolutionProperties) = preSolution
		HideSolutionNode = FALSE
	EndGlobalSection
	GlobalSection(ExtensibilityGlobals) = postSolution
		SolutionGuid = {431B7C0F-43CB-45B5-8A2F-E3CA7B11AC26}
	EndGlobalSection
EndGlobal
